
Microsoft Visual Studio Solution File, Format Version 12.00
# Visual Studio Version 16
VisualStudioVersion = 16.0.30406.217
MinimumVisualStudioVersion = 10.0.40219.1
Project("{9A19103F-16F7-4668-BE54-9A1E7A4F7556}") = "CollabAssist.API", "src\CollabAssist.API\CollabAssist.API.csproj", "{3EC497F7-BFDA-4FE8-AA2A-34E8C6560804}"
EndProject
Project("{9A19103F-16F7-4668-BE54-9A1E7A4F7556}") = "CollabAssist.Services", "src\CollabAssist.Services\CollabAssist.Services.csproj", "{937C9FDF-C3EF-4B7B-A7FF-563FAEF0818C}"
EndProject
Project("{9A19103F-16F7-4668-BE54-9A1E7A4F7556}") = "CollabAssist.Test.Unit", "test\CollabAssist.Test.Unit\CollabAssist.Test.Unit.csproj", "{3E314202-A0E8-42F4-A1CD-83C11472B64C}"
EndProject
Project("{9A19103F-16F7-4668-BE54-9A1E7A4F7556}") = "CollabAssist.Output", "src\CollabAssist.Output\CollabAssist.Output.csproj", "{EFC0E340-2FD9-4D36-BCDC-EEED0811C82A}"
EndProject
Project("{9A19103F-16F7-4668-BE54-9A1E7A4F7556}") = "CollabAssist.Incoming", "src\CollabAssist.Incoming\CollabAssist.Incoming.csproj", "{18EB1B17-821B-44FA-B023-5C5C8EF0C9AD}"
EndProject
Project("{9A19103F-16F7-4668-BE54-9A1E7A4F7556}") = "CollabAssist.Incoming.DevOps", "src\CollabAssist.Incoming.DevOps\CollabAssist.Incoming.DevOps.csproj", "{03891330-EBDF-475C-BE7E-AE6E66D8E56D}"
EndProject
Project("{FAE04EC0-301F-11D3-BF4B-00C04F79EFBC}") = "CollabAssist.Output.Slack", "src\CollabAssist.Output.Slack\CollabAssist.Output.Slack.csproj", "{E606B599-7DC3-4028-9D2B-B83C2D819699}"
EndProject
Global
	GlobalSection(SolutionConfigurationPlatforms) = preSolution
		Debug|Any CPU = Debug|Any CPU
		Release|Any CPU = Release|Any CPU
	EndGlobalSection
	GlobalSection(ProjectConfigurationPlatforms) = postSolution
		{3EC497F7-BFDA-4FE8-AA2A-34E8C6560804}.Debug|Any CPU.ActiveCfg = Debug|Any CPU
		{3EC497F7-BFDA-4FE8-AA2A-34E8C6560804}.Debug|Any CPU.Build.0 = Debug|Any CPU
		{3EC497F7-BFDA-4FE8-AA2A-34E8C6560804}.Release|Any CPU.ActiveCfg = Release|Any CPU
		{3EC497F7-BFDA-4FE8-AA2A-34E8C6560804}.Release|Any CPU.Build.0 = Release|Any CPU
		{937C9FDF-C3EF-4B7B-A7FF-563FAEF0818C}.Debug|Any CPU.ActiveCfg = Debug|Any CPU
		{937C9FDF-C3EF-4B7B-A7FF-563FAEF0818C}.Debug|Any CPU.Build.0 = Debug|Any CPU
		{937C9FDF-C3EF-4B7B-A7FF-563FAEF0818C}.Release|Any CPU.ActiveCfg = Release|Any CPU
		{937C9FDF-C3EF-4B7B-A7FF-563FAEF0818C}.Release|Any CPU.Build.0 = Release|Any CPU
		{3E314202-A0E8-42F4-A1CD-83C11472B64C}.Debug|Any CPU.ActiveCfg = Debug|Any CPU
		{3E314202-A0E8-42F4-A1CD-83C11472B64C}.Debug|Any CPU.Build.0 = Debug|Any CPU
		{3E314202-A0E8-42F4-A1CD-83C11472B64C}.Release|Any CPU.ActiveCfg = Release|Any CPU
		{3E314202-A0E8-42F4-A1CD-83C11472B64C}.Release|Any CPU.Build.0 = Release|Any CPU
		{EFC0E340-2FD9-4D36-BCDC-EEED0811C82A}.Debug|Any CPU.ActiveCfg = Debug|Any CPU
		{EFC0E340-2FD9-4D36-BCDC-EEED0811C82A}.Debug|Any CPU.Build.0 = Debug|Any CPU
		{EFC0E340-2FD9-4D36-BCDC-EEED0811C82A}.Release|Any CPU.ActiveCfg = Release|Any CPU
		{EFC0E340-2FD9-4D36-BCDC-EEED0811C82A}.Release|Any CPU.Build.0 = Release|Any CPU
		{18EB1B17-821B-44FA-B023-5C5C8EF0C9AD}.Debug|Any CPU.ActiveCfg = Debug|Any CPU
		{18EB1B17-821B-44FA-B023-5C5C8EF0C9AD}.Debug|Any CPU.Build.0 = Debug|Any CPU
		{18EB1B17-821B-44FA-B023-5C5C8EF0C9AD}.Release|Any CPU.ActiveCfg = Release|Any CPU
		{18EB1B17-821B-44FA-B023-5C5C8EF0C9AD}.Release|Any CPU.Build.0 = Release|Any CPU
		{03891330-EBDF-475C-BE7E-AE6E66D8E56D}.Debug|Any CPU.ActiveCfg = Debug|Any CPU
		{03891330-EBDF-475C-BE7E-AE6E66D8E56D}.Debug|Any CPU.Build.0 = Debug|Any CPU
		{03891330-EBDF-475C-BE7E-AE6E66D8E56D}.Release|Any CPU.ActiveCfg = Release|Any CPU
		{03891330-EBDF-475C-BE7E-AE6E66D8E56D}.Release|Any CPU.Build.0 = Release|Any CPU
		{E606B599-7DC3-4028-9D2B-B83C2D819699}.Debug|Any CPU.ActiveCfg = Debug|Any CPU
		{E606B599-7DC3-4028-9D2B-B83C2D819699}.Debug|Any CPU.Build.0 = Debug|Any CPU
		{E606B599-7DC3-4028-9D2B-B83C2D819699}.Release|Any CPU.ActiveCfg = Release|Any CPU
		{E606B599-7DC3-4028-9D2B-B83C2D819699}.Release|Any CPU.Build.0 = Release|Any CPU
	EndGlobalSection
	GlobalSection(SolutionProperties) = preSolution
		HideSolutionNode = FALSE
	EndGlobalSection
	GlobalSection(ExtensibilityGlobals) = postSolution
		SolutionGuid = {AD28AC98-8EAF-4723-A0FF-1C58EE06AE26}
	EndGlobalSection
EndGlobal
