
Microsoft Visual Studio Solution File, Format Version 12.00
# Visual Studio Version 16
VisualStudioVersion = 16.0.30406.217
MinimumVisualStudioVersion = 10.0.40219.1
Project("{FAE04EC0-301F-11D3-BF4B-00C04F79EFBC}") = "CollabAssist.API", "CollabAssist.API\CollabAssist.API.csproj", "{3EC497F7-BFDA-4FE8-AA2A-34E8C6560804}"
EndProject
Project("{FAE04EC0-301F-11D3-BF4B-00C04F79EFBC}") = "CollabAssist.Configuration", "CollabAssist.Configuration\CollabAssist.Configuration.csproj", "{2AB9267D-BCB5-4BAF-960B-35A952EA96B9}"
EndProject
Global
	GlobalSection(SolutionConfigurationPlatforms) = preSolution
		Debug|Any CPU = Debug|Any CPU
		Release|Any CPU = Release|Any CPU
	EndGlobalSection
	GlobalSection(ProjectConfigurationPlatforms) = postSolution
		{3EC497F7-BFDA-4FE8-AA2A-34E8C6560804}.Debug|Any CPU.ActiveCfg = Debug|Any CPU
		{3EC497F7-BFDA-4FE8-AA2A-34E8C6560804}.Debug|Any CPU.Build.0 = Debug|Any CPU
		{3EC497F7-BFDA-4FE8-AA2A-34E8C6560804}.Release|Any CPU.ActiveCfg = Release|Any CPU
		{3EC497F7-BFDA-4FE8-AA2A-34E8C6560804}.Release|Any CPU.Build.0 = Release|Any CPU
		{2AB9267D-BCB5-4BAF-960B-35A952EA96B9}.Debug|Any CPU.ActiveCfg = Debug|Any CPU
		{2AB9267D-BCB5-4BAF-960B-35A952EA96B9}.Debug|Any CPU.Build.0 = Debug|Any CPU
		{2AB9267D-BCB5-4BAF-960B-35A952EA96B9}.Release|Any CPU.ActiveCfg = Release|Any CPU
		{2AB9267D-BCB5-4BAF-960B-35A952EA96B9}.Release|Any CPU.Build.0 = Release|Any CPU
	EndGlobalSection
	GlobalSection(SolutionProperties) = preSolution
		HideSolutionNode = FALSE
	EndGlobalSection
	GlobalSection(ExtensibilityGlobals) = postSolution
		SolutionGuid = {AD28AC98-8EAF-4723-A0FF-1C58EE06AE26}
	EndGlobalSection
EndGlobal
